
Microsoft Visual Studio Solution File, Format Version 12.00
# Visual Studio 15
VisualStudioVersion = 15.0.26430.13
MinimumVisualStudioVersion = 10.0.40219.1
Project("{FAE04EC0-301F-11D3-BF4B-00C04F79EFBC}") = "TestAwaitApproaches", "TestAwaitApproaches\TestAwaitApproaches.csproj", "{19C06786-36D1-4973-9D7F-5E6255D6C818}"
EndProject
Project("{FAE04EC0-301F-11D3-BF4B-00C04F79EFBC}") = "TestAwaitApproaches.Client", "TestAwaitApproaches.Client\TestAwaitApproaches.Client.csproj", "{7B60E596-33B3-4E4D-9E74-EA3E4ED90974}"
EndProject
Global
	GlobalSection(SolutionConfigurationPlatforms) = preSolution
		Debug|Any CPU = Debug|Any CPU
		Release|Any CPU = Release|Any CPU
	EndGlobalSection
	GlobalSection(ProjectConfigurationPlatforms) = postSolution
		{19C06786-36D1-4973-9D7F-5E6255D6C818}.Debug|Any CPU.ActiveCfg = Debug|Any CPU
		{19C06786-36D1-4973-9D7F-5E6255D6C818}.Debug|Any CPU.Build.0 = Debug|Any CPU
		{19C06786-36D1-4973-9D7F-5E6255D6C818}.Release|Any CPU.ActiveCfg = Release|Any CPU
		{19C06786-36D1-4973-9D7F-5E6255D6C818}.Release|Any CPU.Build.0 = Release|Any CPU
		{7B60E596-33B3-4E4D-9E74-EA3E4ED90974}.Debug|Any CPU.ActiveCfg = Debug|Any CPU
		{7B60E596-33B3-4E4D-9E74-EA3E4ED90974}.Debug|Any CPU.Build.0 = Debug|Any CPU
		{7B60E596-33B3-4E4D-9E74-EA3E4ED90974}.Release|Any CPU.ActiveCfg = Release|Any CPU
		{7B60E596-33B3-4E4D-9E74-EA3E4ED90974}.Release|Any CPU.Build.0 = Release|Any CPU
	EndGlobalSection
	GlobalSection(SolutionProperties) = preSolution
		HideSolutionNode = FALSE
	EndGlobalSection
EndGlobal
